
Microsoft Visual Studio Solution File, Format Version 12.00
# Visual Studio 15
VisualStudioVersion = 15.0.27004.2002
MinimumVisualStudioVersion = 10.0.40219.1
Project("{2150E333-8FDC-42A3-9474-1A3956D46DE8}") = "Common", "Common", "{6E8E24A4-11BF-46D5-B060-E993E070ED65}"
	ProjectSection(SolutionItems) = preProject
		LICENSE = LICENSE
		README.md = README.md
	EndProjectSection
EndProject
Project("{9A19103F-16F7-4668-BE54-9A1E7A4F7556}") = "AsyncEnumerable", "src\AsyncEnumerable.csproj", "{3CF1BA4B-76BB-4CA8-9597-61CD1EB2EABA}"
EndProject
Project("{9A19103F-16F7-4668-BE54-9A1E7A4F7556}") = "Tests", "Tests\Tests.csproj", "{2F5B4A4C-93FF-41E9-B533-93EFF9244974}"
EndProject
Global
	GlobalSection(SolutionConfigurationPlatforms) = preSolution
		Debug|Any CPU = Debug|Any CPU
		Debug|x64 = Debug|x64
		Debug|x86 = Debug|x86
		Release|Any CPU = Release|Any CPU
		Release|x64 = Release|x64
		Release|x86 = Release|x86
	EndGlobalSection
	GlobalSection(ProjectConfigurationPlatforms) = postSolution
		{3CF1BA4B-76BB-4CA8-9597-61CD1EB2EABA}.Debug|Any CPU.ActiveCfg = Debug|Any CPU
		{3CF1BA4B-76BB-4CA8-9597-61CD1EB2EABA}.Debug|Any CPU.Build.0 = Debug|Any CPU
		{3CF1BA4B-76BB-4CA8-9597-61CD1EB2EABA}.Debug|x64.ActiveCfg = Debug|Any CPU
		{3CF1BA4B-76BB-4CA8-9597-61CD1EB2EABA}.Debug|x64.Build.0 = Debug|Any CPU
		{3CF1BA4B-76BB-4CA8-9597-61CD1EB2EABA}.Debug|x86.ActiveCfg = Debug|Any CPU
		{3CF1BA4B-76BB-4CA8-9597-61CD1EB2EABA}.Debug|x86.Build.0 = Debug|Any CPU
		{3CF1BA4B-76BB-4CA8-9597-61CD1EB2EABA}.Release|Any CPU.ActiveCfg = Release|Any CPU
		{3CF1BA4B-76BB-4CA8-9597-61CD1EB2EABA}.Release|Any CPU.Build.0 = Release|Any CPU
		{3CF1BA4B-76BB-4CA8-9597-61CD1EB2EABA}.Release|x64.ActiveCfg = Release|Any CPU
		{3CF1BA4B-76BB-4CA8-9597-61CD1EB2EABA}.Release|x64.Build.0 = Release|Any CPU
		{3CF1BA4B-76BB-4CA8-9597-61CD1EB2EABA}.Release|x86.ActiveCfg = Release|Any CPU
		{3CF1BA4B-76BB-4CA8-9597-61CD1EB2EABA}.Release|x86.Build.0 = Release|Any CPU
		{2F5B4A4C-93FF-41E9-B533-93EFF9244974}.Debug|Any CPU.ActiveCfg = Debug|Any CPU
		{2F5B4A4C-93FF-41E9-B533-93EFF9244974}.Debug|Any CPU.Build.0 = Debug|Any CPU
		{2F5B4A4C-93FF-41E9-B533-93EFF9244974}.Debug|x64.ActiveCfg = Debug|Any CPU
		{2F5B4A4C-93FF-41E9-B533-93EFF9244974}.Debug|x64.Build.0 = Debug|Any CPU
		{2F5B4A4C-93FF-41E9-B533-93EFF9244974}.Debug|x86.ActiveCfg = Debug|Any CPU
		{2F5B4A4C-93FF-41E9-B533-93EFF9244974}.Debug|x86.Build.0 = Debug|Any CPU
		{2F5B4A4C-93FF-41E9-B533-93EFF9244974}.Release|Any CPU.ActiveCfg = Release|Any CPU
		{2F5B4A4C-93FF-41E9-B533-93EFF9244974}.Release|Any CPU.Build.0 = Release|Any CPU
		{2F5B4A4C-93FF-41E9-B533-93EFF9244974}.Release|x64.ActiveCfg = Release|Any CPU
		{2F5B4A4C-93FF-41E9-B533-93EFF9244974}.Release|x64.Build.0 = Release|Any CPU
		{2F5B4A4C-93FF-41E9-B533-93EFF9244974}.Release|x86.ActiveCfg = Release|Any CPU
		{2F5B4A4C-93FF-41E9-B533-93EFF9244974}.Release|x86.Build.0 = Release|Any CPU
	EndGlobalSection
	GlobalSection(SolutionProperties) = preSolution
		HideSolutionNode = FALSE
	EndGlobalSection
	GlobalSection(ExtensibilityGlobals) = postSolution
		SolutionGuid = {0E79C833-6DD1-44DC-81F3-69320CD958E5}
	EndGlobalSection
EndGlobal
